
Microsoft Visual Studio Solution File, Format Version 12.00
# Visual Studio Version 16
VisualStudioVersion = 16.0.30114.105
MinimumVisualStudioVersion = 10.0.40219.1
Project("{9A19103F-16F7-4668-BE54-9A1E7A4F7556}") = "Particular.AzureTable.Export", "Particular.AzureTable.Export\Particular.AzureTable.Export.csproj", "{5ACAB211-F966-48DC-B436-FED2A4EBEC38}"
EndProject
Project("{FAE04EC0-301F-11D3-BF4B-00C04F79EFBC}") = "Particular.AzureTable.Export.AzureStorage2.AcceptanceTests", "Particular.AzureTable.Export.AzureStorage2.AcceptanceTests\Particular.AzureTable.Export.AzureStorage2.AcceptanceTests.csproj", "{1BB66E2F-0BCF-4A0C-B2B0-556874A1A5AA}"
EndProject
Project("{FAE04EC0-301F-11D3-BF4B-00C04F79EFBC}") = "Particular.AzureTable.Export.AzureTable3.AcceptanceTests", "Particular.AzureTable.Export.AzureTable3.AcceptanceTests\Particular.AzureTable.Export.AzureTable3.AcceptanceTests.csproj", "{4D88A75D-6017-43EC-ADF2-E194B9F37BE3}"
EndProject
Global
	GlobalSection(SolutionConfigurationPlatforms) = preSolution
		Debug|Any CPU = Debug|Any CPU
		Debug|x64 = Debug|x64
		Debug|x86 = Debug|x86
		Release|Any CPU = Release|Any CPU
		Release|x64 = Release|x64
		Release|x86 = Release|x86
	EndGlobalSection
	GlobalSection(ProjectConfigurationPlatforms) = postSolution
		{5ACAB211-F966-48DC-B436-FED2A4EBEC38}.Debug|Any CPU.ActiveCfg = Debug|Any CPU
		{5ACAB211-F966-48DC-B436-FED2A4EBEC38}.Debug|Any CPU.Build.0 = Debug|Any CPU
		{5ACAB211-F966-48DC-B436-FED2A4EBEC38}.Debug|x64.ActiveCfg = Debug|Any CPU
		{5ACAB211-F966-48DC-B436-FED2A4EBEC38}.Debug|x64.Build.0 = Debug|Any CPU
		{5ACAB211-F966-48DC-B436-FED2A4EBEC38}.Debug|x86.ActiveCfg = Debug|Any CPU
		{5ACAB211-F966-48DC-B436-FED2A4EBEC38}.Debug|x86.Build.0 = Debug|Any CPU
		{5ACAB211-F966-48DC-B436-FED2A4EBEC38}.Release|Any CPU.ActiveCfg = Release|Any CPU
		{5ACAB211-F966-48DC-B436-FED2A4EBEC38}.Release|Any CPU.Build.0 = Release|Any CPU
		{5ACAB211-F966-48DC-B436-FED2A4EBEC38}.Release|x64.ActiveCfg = Release|Any CPU
		{5ACAB211-F966-48DC-B436-FED2A4EBEC38}.Release|x64.Build.0 = Release|Any CPU
		{5ACAB211-F966-48DC-B436-FED2A4EBEC38}.Release|x86.ActiveCfg = Release|Any CPU
		{5ACAB211-F966-48DC-B436-FED2A4EBEC38}.Release|x86.Build.0 = Release|Any CPU
		{1BB66E2F-0BCF-4A0C-B2B0-556874A1A5AA}.Debug|Any CPU.ActiveCfg = Debug|Any CPU
		{1BB66E2F-0BCF-4A0C-B2B0-556874A1A5AA}.Debug|Any CPU.Build.0 = Debug|Any CPU
		{1BB66E2F-0BCF-4A0C-B2B0-556874A1A5AA}.Debug|x64.ActiveCfg = Debug|Any CPU
		{1BB66E2F-0BCF-4A0C-B2B0-556874A1A5AA}.Debug|x64.Build.0 = Debug|Any CPU
		{1BB66E2F-0BCF-4A0C-B2B0-556874A1A5AA}.Debug|x86.ActiveCfg = Debug|Any CPU
		{1BB66E2F-0BCF-4A0C-B2B0-556874A1A5AA}.Debug|x86.Build.0 = Debug|Any CPU
		{1BB66E2F-0BCF-4A0C-B2B0-556874A1A5AA}.Release|Any CPU.ActiveCfg = Release|Any CPU
		{1BB66E2F-0BCF-4A0C-B2B0-556874A1A5AA}.Release|Any CPU.Build.0 = Release|Any CPU
		{1BB66E2F-0BCF-4A0C-B2B0-556874A1A5AA}.Release|x64.ActiveCfg = Release|Any CPU
		{1BB66E2F-0BCF-4A0C-B2B0-556874A1A5AA}.Release|x64.Build.0 = Release|Any CPU
		{1BB66E2F-0BCF-4A0C-B2B0-556874A1A5AA}.Release|x86.ActiveCfg = Release|Any CPU
		{1BB66E2F-0BCF-4A0C-B2B0-556874A1A5AA}.Release|x86.Build.0 = Release|Any CPU
		{4D88A75D-6017-43EC-ADF2-E194B9F37BE3}.Debug|Any CPU.ActiveCfg = Debug|Any CPU
		{4D88A75D-6017-43EC-ADF2-E194B9F37BE3}.Debug|Any CPU.Build.0 = Debug|Any CPU
		{4D88A75D-6017-43EC-ADF2-E194B9F37BE3}.Debug|x64.ActiveCfg = Debug|Any CPU
		{4D88A75D-6017-43EC-ADF2-E194B9F37BE3}.Debug|x64.Build.0 = Debug|Any CPU
		{4D88A75D-6017-43EC-ADF2-E194B9F37BE3}.Debug|x86.ActiveCfg = Debug|Any CPU
		{4D88A75D-6017-43EC-ADF2-E194B9F37BE3}.Debug|x86.Build.0 = Debug|Any CPU
		{4D88A75D-6017-43EC-ADF2-E194B9F37BE3}.Release|Any CPU.ActiveCfg = Release|Any CPU
		{4D88A75D-6017-43EC-ADF2-E194B9F37BE3}.Release|Any CPU.Build.0 = Release|Any CPU
		{4D88A75D-6017-43EC-ADF2-E194B9F37BE3}.Release|x64.ActiveCfg = Release|Any CPU
		{4D88A75D-6017-43EC-ADF2-E194B9F37BE3}.Release|x64.Build.0 = Release|Any CPU
		{4D88A75D-6017-43EC-ADF2-E194B9F37BE3}.Release|x86.ActiveCfg = Release|Any CPU
		{4D88A75D-6017-43EC-ADF2-E194B9F37BE3}.Release|x86.Build.0 = Release|Any CPU
	EndGlobalSection
	GlobalSection(SolutionProperties) = preSolution
		HideSolutionNode = FALSE
	EndGlobalSection
	GlobalSection(NestedProjects) = preSolution
	EndGlobalSection
	GlobalSection(ExtensibilityGlobals) = postSolution
		SolutionGuid = {5544969A-33E8-4395-AACB-816483381D8A}
	EndGlobalSection
EndGlobal
