
Microsoft Visual Studio Solution File, Format Version 12.00
# Visual Studio Version 16
VisualStudioVersion = 16.0.30114.105
MinimumVisualStudioVersion = 10.0.40219.1
Project("{9A19103F-16F7-4668-BE54-9A1E7A4F7556}") = "AzureStorageSagaExporter", "AzureStorageSagaExporter\AzureStorageSagaExporter.csproj", "{5ACAB211-F966-48DC-B436-FED2A4EBEC38}"
EndProject
Project("{9A19103F-16F7-4668-BE54-9A1E7A4F7556}") = "AzureStorageSagaExporter.Asp2.AcceptanceTests", "Tests\AzureStorageSagaExporter.Asp2.AcceptanceTests\AzureStorageSagaExporter.Asp2.AcceptanceTests.csproj", "{BA7E0DE3-9A7C-445C-AA0C-C1D1835363F5}"
EndProject
Project("{9A19103F-16F7-4668-BE54-9A1E7A4F7556}") = "AzureStorageSagaExporter.Asp3.AcceptanceTests", "Tests\AzureStorageSagaExporter.Asp3.AcceptanceTests\AzureStorageSagaExporter.Asp3.AcceptanceTests.csproj", "{8B27AE0A-0710-4E39-AEBA-65FA976DCB8B}"
EndProject
Project("{2150E333-8FDC-42A3-9474-1A3956D46DE8}") = "Tests", "Tests", "{EF4E40CC-2F6A-4647-8A24-E870F9369B62}"
EndProject
Global
	GlobalSection(SolutionConfigurationPlatforms) = preSolution
		Debug|Any CPU = Debug|Any CPU
		Debug|x64 = Debug|x64
		Debug|x86 = Debug|x86
		Release|Any CPU = Release|Any CPU
		Release|x64 = Release|x64
		Release|x86 = Release|x86
	EndGlobalSection
	GlobalSection(ProjectConfigurationPlatforms) = postSolution
		{5ACAB211-F966-48DC-B436-FED2A4EBEC38}.Debug|Any CPU.ActiveCfg = Debug|Any CPU
		{5ACAB211-F966-48DC-B436-FED2A4EBEC38}.Debug|Any CPU.Build.0 = Debug|Any CPU
		{5ACAB211-F966-48DC-B436-FED2A4EBEC38}.Debug|x64.ActiveCfg = Debug|Any CPU
		{5ACAB211-F966-48DC-B436-FED2A4EBEC38}.Debug|x64.Build.0 = Debug|Any CPU
		{5ACAB211-F966-48DC-B436-FED2A4EBEC38}.Debug|x86.ActiveCfg = Debug|Any CPU
		{5ACAB211-F966-48DC-B436-FED2A4EBEC38}.Debug|x86.Build.0 = Debug|Any CPU
		{5ACAB211-F966-48DC-B436-FED2A4EBEC38}.Release|Any CPU.ActiveCfg = Release|Any CPU
		{5ACAB211-F966-48DC-B436-FED2A4EBEC38}.Release|Any CPU.Build.0 = Release|Any CPU
		{5ACAB211-F966-48DC-B436-FED2A4EBEC38}.Release|x64.ActiveCfg = Release|Any CPU
		{5ACAB211-F966-48DC-B436-FED2A4EBEC38}.Release|x64.Build.0 = Release|Any CPU
		{5ACAB211-F966-48DC-B436-FED2A4EBEC38}.Release|x86.ActiveCfg = Release|Any CPU
		{5ACAB211-F966-48DC-B436-FED2A4EBEC38}.Release|x86.Build.0 = Release|Any CPU
		{BA7E0DE3-9A7C-445C-AA0C-C1D1835363F5}.Debug|Any CPU.ActiveCfg = Debug|Any CPU
		{BA7E0DE3-9A7C-445C-AA0C-C1D1835363F5}.Debug|Any CPU.Build.0 = Debug|Any CPU
		{BA7E0DE3-9A7C-445C-AA0C-C1D1835363F5}.Debug|x64.ActiveCfg = Debug|Any CPU
		{BA7E0DE3-9A7C-445C-AA0C-C1D1835363F5}.Debug|x64.Build.0 = Debug|Any CPU
		{BA7E0DE3-9A7C-445C-AA0C-C1D1835363F5}.Debug|x86.ActiveCfg = Debug|Any CPU
		{BA7E0DE3-9A7C-445C-AA0C-C1D1835363F5}.Debug|x86.Build.0 = Debug|Any CPU
		{BA7E0DE3-9A7C-445C-AA0C-C1D1835363F5}.Release|Any CPU.ActiveCfg = Release|Any CPU
		{BA7E0DE3-9A7C-445C-AA0C-C1D1835363F5}.Release|Any CPU.Build.0 = Release|Any CPU
		{BA7E0DE3-9A7C-445C-AA0C-C1D1835363F5}.Release|x64.ActiveCfg = Release|Any CPU
		{BA7E0DE3-9A7C-445C-AA0C-C1D1835363F5}.Release|x64.Build.0 = Release|Any CPU
		{BA7E0DE3-9A7C-445C-AA0C-C1D1835363F5}.Release|x86.ActiveCfg = Release|Any CPU
		{BA7E0DE3-9A7C-445C-AA0C-C1D1835363F5}.Release|x86.Build.0 = Release|Any CPU
		{8B27AE0A-0710-4E39-AEBA-65FA976DCB8B}.Debug|Any CPU.ActiveCfg = Debug|Any CPU
		{8B27AE0A-0710-4E39-AEBA-65FA976DCB8B}.Debug|Any CPU.Build.0 = Debug|Any CPU
		{8B27AE0A-0710-4E39-AEBA-65FA976DCB8B}.Debug|x64.ActiveCfg = Debug|Any CPU
		{8B27AE0A-0710-4E39-AEBA-65FA976DCB8B}.Debug|x64.Build.0 = Debug|Any CPU
		{8B27AE0A-0710-4E39-AEBA-65FA976DCB8B}.Debug|x86.ActiveCfg = Debug|Any CPU
		{8B27AE0A-0710-4E39-AEBA-65FA976DCB8B}.Debug|x86.Build.0 = Debug|Any CPU
		{8B27AE0A-0710-4E39-AEBA-65FA976DCB8B}.Release|Any CPU.ActiveCfg = Release|Any CPU
		{8B27AE0A-0710-4E39-AEBA-65FA976DCB8B}.Release|Any CPU.Build.0 = Release|Any CPU
		{8B27AE0A-0710-4E39-AEBA-65FA976DCB8B}.Release|x64.ActiveCfg = Release|Any CPU
		{8B27AE0A-0710-4E39-AEBA-65FA976DCB8B}.Release|x64.Build.0 = Release|Any CPU
		{8B27AE0A-0710-4E39-AEBA-65FA976DCB8B}.Release|x86.ActiveCfg = Release|Any CPU
		{8B27AE0A-0710-4E39-AEBA-65FA976DCB8B}.Release|x86.Build.0 = Release|Any CPU
	EndGlobalSection
	GlobalSection(SolutionProperties) = preSolution
		HideSolutionNode = FALSE
	EndGlobalSection
	GlobalSection(NestedProjects) = preSolution
		{BA7E0DE3-9A7C-445C-AA0C-C1D1835363F5} = {EF4E40CC-2F6A-4647-8A24-E870F9369B62}
		{8B27AE0A-0710-4E39-AEBA-65FA976DCB8B} = {EF4E40CC-2F6A-4647-8A24-E870F9369B62}
	EndGlobalSection
	GlobalSection(ExtensibilityGlobals) = postSolution
		SolutionGuid = {5544969A-33E8-4395-AACB-816483381D8A}
	EndGlobalSection
EndGlobal
